
Microsoft Visual Studio Solution File, Format Version 12.00
# Visual Studio 2015
Project("{FAE04EC0-301F-11D3-BF4B-00C04F79EFBC}") = "DMAI.CSharp", "DMAI.CSharp.csproj", "{3AB6B4DA-E237-3F85-5685-AFCB6D8BBEDF}"
EndProject
Global
	GlobalSection(SolutionConfigurationPlatforms) = preSolution
		Debug|Any CPU = Debug|Any CPU
		Release|Any CPU = Release|Any CPU
	EndGlobalSection
	GlobalSection(ProjectConfigurationPlatforms) = postSolution
		{3AB6B4DA-E237-3F85-5685-AFCB6D8BBEDF}.Debug|Any CPU.ActiveCfg = Debug|Any CPU
		{3AB6B4DA-E237-3F85-5685-AFCB6D8BBEDF}.Debug|Any CPU.Build.0 = Debug|Any CPU
		{3AB6B4DA-E237-3F85-5685-AFCB6D8BBEDF}.Release|Any CPU.ActiveCfg = Release|Any CPU
		{3AB6B4DA-E237-3F85-5685-AFCB6D8BBEDF}.Release|Any CPU.Build.0 = Release|Any CPU
	EndGlobalSection
	GlobalSection(SolutionProperties) = preSolution
		HideSolutionNode = FALSE
	EndGlobalSection
EndGlobal
